
Microsoft Visual Studio Solution File, Format Version 12.00
# Visual Studio Version 17
VisualStudioVersion = 17.9.34622.214
MinimumVisualStudioVersion = 10.0.40219.1
Project("{FAE04EC0-301F-11D3-BF4B-00C04F79EFBC}") = "CSharpLabs2024", "CSharpLabs2024\CSharpLabs2024.csproj", "{6045DE2D-EF32-474F-BEA6-8CFA243FE91A}"
EndProject
Global
	GlobalSection(SolutionConfigurationPlatforms) = preSolution
		Debug|Any CPU = Debug|Any CPU
		Release|Any CPU = Release|Any CPU
	EndGlobalSection
	GlobalSection(ProjectConfigurationPlatforms) = postSolution
		{6045DE2D-EF32-474F-BEA6-8CFA243FE91A}.Debug|Any CPU.ActiveCfg = Debug|Any CPU
		{6045DE2D-EF32-474F-BEA6-8CFA243FE91A}.Debug|Any CPU.Build.0 = Debug|Any CPU
		{6045DE2D-EF32-474F-BEA6-8CFA243FE91A}.Release|Any CPU.ActiveCfg = Release|Any CPU
		{6045DE2D-EF32-474F-BEA6-8CFA243FE91A}.Release|Any CPU.Build.0 = Release|Any CPU
	EndGlobalSection
	GlobalSection(SolutionProperties) = preSolution
		HideSolutionNode = FALSE
	EndGlobalSection
	GlobalSection(ExtensibilityGlobals) = postSolution
		SolutionGuid = {DABAF612-B638-4AEB-AD96-034F4D1D4EAF}
	EndGlobalSection
EndGlobal
